
Microsoft Visual Studio Solution File, Format Version 12.00
# Visual Studio Version 16
VisualStudioVersion = 16.0.30523.141
MinimumVisualStudioVersion = 10.0.40219.1
Project("{FAE04EC0-301F-11D3-BF4B-00C04F79EFBC}") = "AspNetCoreUserLogin", "AspNetCoreUserLogin\AspNetCoreUserLogin.csproj", "{EE1C1B08-8644-45D5-AC44-0D48C04C5A4A}"
EndProject
Global
	GlobalSection(SolutionConfigurationPlatforms) = preSolution
		Debug|Any CPU = Debug|Any CPU
		Release|Any CPU = Release|Any CPU
	EndGlobalSection
	GlobalSection(ProjectConfigurationPlatforms) = postSolution
		{EE1C1B08-8644-45D5-AC44-0D48C04C5A4A}.Debug|Any CPU.ActiveCfg = Debug|Any CPU
		{EE1C1B08-8644-45D5-AC44-0D48C04C5A4A}.Debug|Any CPU.Build.0 = Debug|Any CPU
		{EE1C1B08-8644-45D5-AC44-0D48C04C5A4A}.Release|Any CPU.ActiveCfg = Release|Any CPU
		{EE1C1B08-8644-45D5-AC44-0D48C04C5A4A}.Release|Any CPU.Build.0 = Release|Any CPU
	EndGlobalSection
	GlobalSection(SolutionProperties) = preSolution
		HideSolutionNode = FALSE
	EndGlobalSection
	GlobalSection(ExtensibilityGlobals) = postSolution
		SolutionGuid = {077F1BFF-022E-4526-9FDC-0F0DD47C405C}
	EndGlobalSection
EndGlobal
